
Microsoft Visual Studio Solution File, Format Version 12.00
# Visual Studio Version 17
VisualStudioVersion = 17.0.32014.148
MinimumVisualStudioVersion = 10.0.40219.1
Project("{FAE04EC0-301F-11D3-BF4B-00C04F79EFBC}") = "TelegramBot", "TelegramBot.csproj", "{6162BCD9-4BD0-48B2-81E2-CC5268D6BC33}"
EndProject
Global
	GlobalSection(SolutionConfigurationPlatforms) = preSolution
		Debug|Any CPU = Debug|Any CPU
		Release|Any CPU = Release|Any CPU
	EndGlobalSection
	GlobalSection(ProjectConfigurationPlatforms) = postSolution
		{6162BCD9-4BD0-48B2-81E2-CC5268D6BC33}.Debug|Any CPU.ActiveCfg = Debug|Any CPU
		{6162BCD9-4BD0-48B2-81E2-CC5268D6BC33}.Debug|Any CPU.Build.0 = Debug|Any CPU
		{6162BCD9-4BD0-48B2-81E2-CC5268D6BC33}.Release|Any CPU.ActiveCfg = Release|Any CPU
		{6162BCD9-4BD0-48B2-81E2-CC5268D6BC33}.Release|Any CPU.Build.0 = Release|Any CPU
	EndGlobalSection
	GlobalSection(SolutionProperties) = preSolution
		HideSolutionNode = FALSE
	EndGlobalSection
	GlobalSection(ExtensibilityGlobals) = postSolution
		SolutionGuid = {86DE95D7-990C-4F1D-802B-5CAF029B8E42}
	EndGlobalSection
EndGlobal
